
Microsoft Visual Studio Solution File, Format Version 12.00
# Visual Studio Version 16
VisualStudioVersion = 16.0.29519.181
MinimumVisualStudioVersion = 10.0.40219.1
Project("{9A19103F-16F7-4668-BE54-9A1E7A4F7556}") = "BotMegaSenaHtml", "BotMegaSena\BotMegaSenaHtml.csproj", "{1C2B4A37-AECA-425C-8336-BC4A6E0AB7B4}"
EndProject
Project("{9A19103F-16F7-4668-BE54-9A1E7A4F7556}") = "BotMegaSenaJson", "BotMegaSenaJson\BotMegaSenaJson.csproj", "{767FAD5C-18C9-4F3C-B410-6A03E1C67257}"
EndProject
Project("{9A19103F-16F7-4668-BE54-9A1E7A4F7556}") = "BotInstagram", "BotInstagram\BotInstagram.csproj", "{87C30574-C517-4D92-8086-3C3D80423EE4}"
EndProject
Project("{FAE04EC0-301F-11D3-BF4B-00C04F79EFBC}") = "BotInstagramSelenium", "BotInstagramSelenium\BotInstagramSelenium.csproj", "{8457B25B-70DE-416F-ACB4-2EF194030513}"
EndProject
Project("{FAE04EC0-301F-11D3-BF4B-00C04F79EFBC}") = "BotYoutubeView", "BotYoutubeView\BotYoutubeView.csproj", "{00BE9DA0-B371-470C-9350-258F250AA3A5}"
EndProject
Global
	GlobalSection(SolutionConfigurationPlatforms) = preSolution
		Debug|Any CPU = Debug|Any CPU
		Release|Any CPU = Release|Any CPU
	EndGlobalSection
	GlobalSection(ProjectConfigurationPlatforms) = postSolution
		{1C2B4A37-AECA-425C-8336-BC4A6E0AB7B4}.Debug|Any CPU.ActiveCfg = Debug|Any CPU
		{1C2B4A37-AECA-425C-8336-BC4A6E0AB7B4}.Debug|Any CPU.Build.0 = Debug|Any CPU
		{1C2B4A37-AECA-425C-8336-BC4A6E0AB7B4}.Release|Any CPU.ActiveCfg = Release|Any CPU
		{1C2B4A37-AECA-425C-8336-BC4A6E0AB7B4}.Release|Any CPU.Build.0 = Release|Any CPU
		{767FAD5C-18C9-4F3C-B410-6A03E1C67257}.Debug|Any CPU.ActiveCfg = Debug|Any CPU
		{767FAD5C-18C9-4F3C-B410-6A03E1C67257}.Debug|Any CPU.Build.0 = Debug|Any CPU
		{767FAD5C-18C9-4F3C-B410-6A03E1C67257}.Release|Any CPU.ActiveCfg = Release|Any CPU
		{767FAD5C-18C9-4F3C-B410-6A03E1C67257}.Release|Any CPU.Build.0 = Release|Any CPU
		{87C30574-C517-4D92-8086-3C3D80423EE4}.Debug|Any CPU.ActiveCfg = Debug|Any CPU
		{87C30574-C517-4D92-8086-3C3D80423EE4}.Debug|Any CPU.Build.0 = Debug|Any CPU
		{87C30574-C517-4D92-8086-3C3D80423EE4}.Release|Any CPU.ActiveCfg = Release|Any CPU
		{87C30574-C517-4D92-8086-3C3D80423EE4}.Release|Any CPU.Build.0 = Release|Any CPU
		{8457B25B-70DE-416F-ACB4-2EF194030513}.Debug|Any CPU.ActiveCfg = Debug|Any CPU
		{8457B25B-70DE-416F-ACB4-2EF194030513}.Debug|Any CPU.Build.0 = Debug|Any CPU
		{8457B25B-70DE-416F-ACB4-2EF194030513}.Release|Any CPU.ActiveCfg = Release|Any CPU
		{8457B25B-70DE-416F-ACB4-2EF194030513}.Release|Any CPU.Build.0 = Release|Any CPU
		{00BE9DA0-B371-470C-9350-258F250AA3A5}.Debug|Any CPU.ActiveCfg = Debug|Any CPU
		{00BE9DA0-B371-470C-9350-258F250AA3A5}.Debug|Any CPU.Build.0 = Debug|Any CPU
		{00BE9DA0-B371-470C-9350-258F250AA3A5}.Release|Any CPU.ActiveCfg = Release|Any CPU
		{00BE9DA0-B371-470C-9350-258F250AA3A5}.Release|Any CPU.Build.0 = Release|Any CPU
	EndGlobalSection
	GlobalSection(SolutionProperties) = preSolution
		HideSolutionNode = FALSE
	EndGlobalSection
	GlobalSection(ExtensibilityGlobals) = postSolution
		SolutionGuid = {7CF98929-2365-42A5-911E-8D4467F90E29}
	EndGlobalSection
EndGlobal
